{
  "name": "sakura-exhibit",
  "version": "1.0.0",
  "lockfileVersion": 3,
  "requires": true,
  "packages": {
    "": {
      "name": "sakura-exhibit",
      "version": "1.0.0",
      "license": "ISC",
      "dependencies": {
        "@chenglou/pretext": "^0.0.5"
      }
    },
    "node_modules/@chenglou/pretext": {
      "version": "0.0.5",
      "resolved": "https://mirrors.tencent.com/npm/@chenglou/pretext/-/pretext-0.0.5.tgz",
      "integrity": "sha512-A8GZN10REdFGsyuiUgLV8jjPDDFMg5GmgxGWV0I3igxBOnzj+jgz2VMmVD7g+SFyoctfeqHFxbNatKSzVRWtRg==",
      "license": "MIT"
    }
  }
}
